
Microsoft Visual Studio Solution File, Format Version 12.00
# Visual Studio 2013
VisualStudioVersion = 12.0.30110.0
MinimumVisualStudioVersion = 10.0.40219.1
Project("{FAE04EC0-301F-11D3-BF4B-00C04F79EFBC}") = "SuiviActivite.Web", "SuiviActivite.Web\SuiviActivite.Web.csproj", "{6601ED59-7346-4D84-9382-53D7EDFD435A}"
EndProject
Project("{FAE04EC0-301F-11D3-BF4B-00C04F79EFBC}") = "SuiviActivite.Domain", "SuiviActivite.Domain\SuiviActivite.Domain.csproj", "{70205629-5B90-4669-A552-EECDCB137FBF}"
EndProject
Project("{FAE04EC0-301F-11D3-BF4B-00C04F79EFBC}") = "SuiviActivite.DAL", "SuiviActivite.DAL\SuiviActivite.DAL.csproj", "{EAD52821-7063-413F-AAF6-23E5C32F4A8F}"
EndProject
Project("{FAE04EC0-301F-11D3-BF4B-00C04F79EFBC}") = "SuiviActivite.Business", "SuiviActivite.Business\SuiviActivite.Business.csproj", "{DDCD00A0-8542-4427-B99F-0476E0C78101}"
EndProject
Global
	GlobalSection(SolutionConfigurationPlatforms) = preSolution
		Debug|Any CPU = Debug|Any CPU
		Release|Any CPU = Release|Any CPU
	EndGlobalSection
	GlobalSection(ProjectConfigurationPlatforms) = postSolution
		{6601ED59-7346-4D84-9382-53D7EDFD435A}.Debug|Any CPU.ActiveCfg = Debug|Any CPU
		{6601ED59-7346-4D84-9382-53D7EDFD435A}.Debug|Any CPU.Build.0 = Debug|Any CPU
		{6601ED59-7346-4D84-9382-53D7EDFD435A}.Release|Any CPU.ActiveCfg = Release|Any CPU
		{6601ED59-7346-4D84-9382-53D7EDFD435A}.Release|Any CPU.Build.0 = Release|Any CPU
		{70205629-5B90-4669-A552-EECDCB137FBF}.Debug|Any CPU.ActiveCfg = Debug|Any CPU
		{70205629-5B90-4669-A552-EECDCB137FBF}.Debug|Any CPU.Build.0 = Debug|Any CPU
		{70205629-5B90-4669-A552-EECDCB137FBF}.Release|Any CPU.ActiveCfg = Release|Any CPU
		{70205629-5B90-4669-A552-EECDCB137FBF}.Release|Any CPU.Build.0 = Release|Any CPU
		{EAD52821-7063-413F-AAF6-23E5C32F4A8F}.Debug|Any CPU.ActiveCfg = Debug|Any CPU
		{EAD52821-7063-413F-AAF6-23E5C32F4A8F}.Debug|Any CPU.Build.0 = Debug|Any CPU
		{EAD52821-7063-413F-AAF6-23E5C32F4A8F}.Release|Any CPU.ActiveCfg = Release|Any CPU
		{EAD52821-7063-413F-AAF6-23E5C32F4A8F}.Release|Any CPU.Build.0 = Release|Any CPU
		{DDCD00A0-8542-4427-B99F-0476E0C78101}.Debug|Any CPU.ActiveCfg = Debug|Any CPU
		{DDCD00A0-8542-4427-B99F-0476E0C78101}.Debug|Any CPU.Build.0 = Debug|Any CPU
		{DDCD00A0-8542-4427-B99F-0476E0C78101}.Release|Any CPU.ActiveCfg = Release|Any CPU
		{DDCD00A0-8542-4427-B99F-0476E0C78101}.Release|Any CPU.Build.0 = Release|Any CPU
	EndGlobalSection
	GlobalSection(SolutionProperties) = preSolution
		HideSolutionNode = FALSE
	EndGlobalSection
EndGlobal
